
Microsoft Visual Studio Solution File, Format Version 12.00
# Visual Studio 15
VisualStudioVersion = 15.0.26730.16
MinimumVisualStudioVersion = 10.0.40219.1
Project("{9A19103F-16F7-4668-BE54-9A1E7A4F7556}") = "EFCore.FirebirdSql", "EFCore.FirebirdSql\EFCore.FirebirdSql.csproj", "{C725AC99-64C8-4CBF-B01F-094D5837BC58}"
EndProject
Project("{9A19103F-16F7-4668-BE54-9A1E7A4F7556}") = "EFCore.FirebirdSql.FunctionalTests", "EFCore.FirebirdSql.FunctionalTests\EFCore.FirebirdSql.FunctionalTests.csproj", "{61B6B2E6-80B0-4916-8EE4-91D059CB204F}"
EndProject
Project("{2150E333-8FDC-42A3-9474-1A3956D46DE8}") = "Solution Items", "Solution Items", "{684DA5D2-7DFC-4BD6-9870-4AC6D4341AEB}"
	ProjectSection(SolutionItems) = preProject
		.editorconfig = .editorconfig
		Directory.Build.props = Directory.Build.props
	EndProjectSection
EndProject
Global
	GlobalSection(SolutionConfigurationPlatforms) = preSolution
		Debug|Any CPU = Debug|Any CPU
		Release|Any CPU = Release|Any CPU
	EndGlobalSection
	GlobalSection(ProjectConfigurationPlatforms) = postSolution
		{C725AC99-64C8-4CBF-B01F-094D5837BC58}.Debug|Any CPU.ActiveCfg = Debug|Any CPU
		{C725AC99-64C8-4CBF-B01F-094D5837BC58}.Debug|Any CPU.Build.0 = Debug|Any CPU
		{C725AC99-64C8-4CBF-B01F-094D5837BC58}.Release|Any CPU.ActiveCfg = Release|Any CPU
		{C725AC99-64C8-4CBF-B01F-094D5837BC58}.Release|Any CPU.Build.0 = Release|Any CPU
		{61B6B2E6-80B0-4916-8EE4-91D059CB204F}.Debug|Any CPU.ActiveCfg = Debug|Any CPU
		{61B6B2E6-80B0-4916-8EE4-91D059CB204F}.Debug|Any CPU.Build.0 = Debug|Any CPU
		{61B6B2E6-80B0-4916-8EE4-91D059CB204F}.Release|Any CPU.ActiveCfg = Release|Any CPU
		{61B6B2E6-80B0-4916-8EE4-91D059CB204F}.Release|Any CPU.Build.0 = Release|Any CPU
	EndGlobalSection
	GlobalSection(SolutionProperties) = preSolution
		HideSolutionNode = FALSE
	EndGlobalSection
	GlobalSection(ExtensibilityGlobals) = postSolution
		SolutionGuid = {CCB461D4-B163-4511-8434-CE0C357FDC74}
	EndGlobalSection
EndGlobal
