
Microsoft Visual Studio Solution File, Format Version 12.00
# Visual Studio 15
VisualStudioVersion = 15.0.26730.3
MinimumVisualStudioVersion = 10.0.40219.1
Project("{9A19103F-16F7-4668-BE54-9A1E7A4F7556}") = "EFCore.FirebirdSQL", "EFCore.FirebirdSQL\EFCore.FirebirdSQL.csproj", "{C725AC99-64C8-4CBF-B01F-094D5837BC58}"
EndProject
Project("{FAE04EC0-301F-11D3-BF4B-00C04F79EFBC}") = "EFCore.FirebirdSQL.Console.Test", "EFCore.FirebirdSQL.Test\EFCore.FirebirdSQL.Console.Test.csproj", "{E1786F5D-5D2C-4231-BEFA-A563F075BD8B}"
EndProject
Project("{9A19103F-16F7-4668-BE54-9A1E7A4F7556}") = "EFCore.FirebirdSQL.Scaffolding.Test", "Samples\ScaffoldingConsoleApp\EFCore.FirebirdSQL.Scaffolding.Test.csproj", "{DC5FD402-9857-4917-9B95-EE1E806E8B8B}"
EndProject
Project("{2150E333-8FDC-42A3-9474-1A3956D46DE8}") = "GitHub", "GitHub", "{4F90CF35-BA86-4A02-AB92-97DEEDB8219F}"
	ProjectSection(SolutionItems) = preProject
		.travis.yml = .travis.yml
		LICENSE = LICENSE
		README.md = README.md
	EndProjectSection
EndProject
Project("{2150E333-8FDC-42A3-9474-1A3956D46DE8}") = "EFCore.FirebirdSQL.Samples", "EFCore.FirebirdSQL.Samples", "{331974B1-B109-487C-BCDF-85DA9B677C0B}"
EndProject
Project("{2150E333-8FDC-42A3-9474-1A3956D46DE8}") = "Console", "Console", "{69EF00B6-5279-4EB8-BE4A-DC4F7DE68844}"
EndProject
Project("{2150E333-8FDC-42A3-9474-1A3956D46DE8}") = "EFCore.FirebirdSQL.Test", "EFCore.FirebirdSQL.Test", "{9E315E0B-D9AE-4B20-B952-ED34E86B76D5}"
EndProject
Global
	GlobalSection(SolutionConfigurationPlatforms) = preSolution
		Debug|Any CPU = Debug|Any CPU
		Release|Any CPU = Release|Any CPU
	EndGlobalSection
	GlobalSection(ProjectConfigurationPlatforms) = postSolution
		{C725AC99-64C8-4CBF-B01F-094D5837BC58}.Debug|Any CPU.ActiveCfg = Debug|Any CPU
		{C725AC99-64C8-4CBF-B01F-094D5837BC58}.Debug|Any CPU.Build.0 = Debug|Any CPU
		{C725AC99-64C8-4CBF-B01F-094D5837BC58}.Release|Any CPU.ActiveCfg = Release|Any CPU
		{C725AC99-64C8-4CBF-B01F-094D5837BC58}.Release|Any CPU.Build.0 = Release|Any CPU
		{E1786F5D-5D2C-4231-BEFA-A563F075BD8B}.Debug|Any CPU.ActiveCfg = Debug|Any CPU
		{E1786F5D-5D2C-4231-BEFA-A563F075BD8B}.Debug|Any CPU.Build.0 = Debug|Any CPU
		{E1786F5D-5D2C-4231-BEFA-A563F075BD8B}.Release|Any CPU.ActiveCfg = Release|Any CPU
		{E1786F5D-5D2C-4231-BEFA-A563F075BD8B}.Release|Any CPU.Build.0 = Release|Any CPU
		{DC5FD402-9857-4917-9B95-EE1E806E8B8B}.Debug|Any CPU.ActiveCfg = Debug|Any CPU
		{DC5FD402-9857-4917-9B95-EE1E806E8B8B}.Debug|Any CPU.Build.0 = Debug|Any CPU
		{DC5FD402-9857-4917-9B95-EE1E806E8B8B}.Release|Any CPU.ActiveCfg = Release|Any CPU
		{DC5FD402-9857-4917-9B95-EE1E806E8B8B}.Release|Any CPU.Build.0 = Release|Any CPU
	EndGlobalSection
	GlobalSection(SolutionProperties) = preSolution
		HideSolutionNode = FALSE
	EndGlobalSection
	GlobalSection(NestedProjects) = preSolution
		{E1786F5D-5D2C-4231-BEFA-A563F075BD8B} = {69EF00B6-5279-4EB8-BE4A-DC4F7DE68844}
		{DC5FD402-9857-4917-9B95-EE1E806E8B8B} = {69EF00B6-5279-4EB8-BE4A-DC4F7DE68844}
		{69EF00B6-5279-4EB8-BE4A-DC4F7DE68844} = {331974B1-B109-487C-BCDF-85DA9B677C0B}
	EndGlobalSection
	GlobalSection(ExtensibilityGlobals) = postSolution
		SolutionGuid = {CCB461D4-B163-4511-8434-CE0C357FDC74}
	EndGlobalSection
EndGlobal
